Microsoft Visual Studio Solution File, Format Version 11.00
# Visual Studio 2008

Project("{73345433-3912-6453-AB77-649F63D764B7}") = "Blow me down", "Assembly-CSharp.csproj", "{D424A39D-45C5-2493-E87F-D59EC1502A6F}"
EndProject
Global
	GlobalSection(SolutionConfigurationPlatforms) = preSolution
		Debug|Any CPU = Debug|Any CPU
		Release|Any CPU = Release|Any CPU
	EndGlobalSection
	GlobalSection(ProjectConfigurationPlatforms) = postSolution
		{D424A39D-45C5-2493-E87F-D59EC1502A6F}.Debug|Any CPU.ActiveCfg = Debug|Any CPU
		{D424A39D-45C5-2493-E87F-D59EC1502A6F}.Debug|Any CPU.Build.0 = Debug|Any CPU
		{D424A39D-45C5-2493-E87F-D59EC1502A6F}.Release|Any CPU.ActiveCfg = Release|Any CPU
		{D424A39D-45C5-2493-E87F-D59EC1502A6F}.Release|Any CPU.Build.0 = Release|Any CPU
	EndGlobalSection
	GlobalSection(SolutionProperties) = preSolution
		HideSolutionNode = FALSE
	EndGlobalSection
<<<<<<< HEAD
																																																																																																																																																																																																																GlobalSection(MonoDevelopProperties) = preSolution
=======
<<<<<<< HEAD
																																																																																																																																																																																																														GlobalSection(MonoDevelopProperties) = preSolution
=======
																																																																																																																																																																																																															GlobalSection(MonoDevelopProperties) = preSolution
>>>>>>> 583857d92f8baa5da247a8a428ec4ac4eeebdd0e
>>>>>>> f10249051aae320ccf42a736a927e87067606e49
=======
																																																																																																																																																																																	GlobalSection(MonoDevelopProperties) = preSolution
>>>>>>> 0723f18fdda916680c41e130dba701257bf8401f
		StartupItem = Assembly-CSharp.csproj
		Policies = $0
		$0.TextStylePolicy = $1
		$1.inheritsSet = null
		$1.scope = text/x-csharp
		$0.CSharpFormattingPolicy = $2
		$2.inheritsSet = Mono
		$2.inheritsScope = text/x-csharp
		$2.scope = text/x-csharp
		$0.TextStylePolicy = $3
		$3.FileWidth = 120
		$3.TabWidth = 4
		$3.IndentWidth = 4
		$3.EolMarker = Unix
		$3.inheritsSet = Mono
		$3.inheritsScope = text/plain
		$3.scope = text/plain
	EndGlobalSection

EndGlobal
